
Microsoft Visual Studio Solution File, Format Version 12.00
# Visual Studio Version 17
VisualStudioVersion = 17.4.33110.190
MinimumVisualStudioVersion = 10.0.40219.1
Project("{F184B08F-C81C-45F6-A57F-5ABD9991F28F}") = "Function CalcPoints()", "Function CalcPoints()\Function CalcPoints().vbproj", "{B84BC5D4-E471-436C-8DDA-2B64FBDBE87B}"
EndProject
Global
	GlobalSection(SolutionConfigurationPlatforms) = preSolution
		Debug|Any CPU = Debug|Any CPU
		Release|Any CPU = Release|Any CPU
	EndGlobalSection
	GlobalSection(ProjectConfigurationPlatforms) = postSolution
		{B84BC5D4-E471-436C-8DDA-2B64FBDBE87B}.Debug|Any CPU.ActiveCfg = Debug|Any CPU
		{B84BC5D4-E471-436C-8DDA-2B64FBDBE87B}.Debug|Any CPU.Build.0 = Debug|Any CPU
		{B84BC5D4-E471-436C-8DDA-2B64FBDBE87B}.Release|Any CPU.ActiveCfg = Release|Any CPU
		{B84BC5D4-E471-436C-8DDA-2B64FBDBE87B}.Release|Any CPU.Build.0 = Release|Any CPU
	EndGlobalSection
	GlobalSection(SolutionProperties) = preSolution
		HideSolutionNode = FALSE
	EndGlobalSection
	GlobalSection(ExtensibilityGlobals) = postSolution
		SolutionGuid = {79E62755-E773-4761-889D-4F5827C34557}
	EndGlobalSection
EndGlobal
