
Microsoft Visual Studio Solution File, Format Version 12.00
# Visual Studio Version 17
VisualStudioVersion = 17.3.32901.215
MinimumVisualStudioVersion = 10.0.40219.1
Project("{F184B08F-C81C-45F6-A57F-5ABD9991F28F}") = "SecretNumber pg=196", "SecretNumber pg=196\SecretNumber pg=196.vbproj", "{AE4840A2-B1CE-4725-B0B1-E0A9400F0746}"
EndProject
Global
	GlobalSection(SolutionConfigurationPlatforms) = preSolution
		Debug|Any CPU = Debug|Any CPU
		Release|Any CPU = Release|Any CPU
	EndGlobalSection
	GlobalSection(ProjectConfigurationPlatforms) = postSolution
		{AE4840A2-B1CE-4725-B0B1-E0A9400F0746}.Debug|Any CPU.ActiveCfg = Debug|Any CPU
		{AE4840A2-B1CE-4725-B0B1-E0A9400F0746}.Debug|Any CPU.Build.0 = Debug|Any CPU
		{AE4840A2-B1CE-4725-B0B1-E0A9400F0746}.Release|Any CPU.ActiveCfg = Release|Any CPU
		{AE4840A2-B1CE-4725-B0B1-E0A9400F0746}.Release|Any CPU.Build.0 = Release|Any CPU
	EndGlobalSection
	GlobalSection(SolutionProperties) = preSolution
		HideSolutionNode = FALSE
	EndGlobalSection
	GlobalSection(ExtensibilityGlobals) = postSolution
		SolutionGuid = {F4FD72C7-DAA9-4277-A5B5-D4B4E0AF481F}
	EndGlobalSection
EndGlobal
