
Microsoft Visual Studio Solution File, Format Version 12.00
# Visual Studio Version 17
VisualStudioVersion = 17.3.32929.385
MinimumVisualStudioVersion = 10.0.40219.1
Project("{F184B08F-C81C-45F6-A57F-5ABD9991F28F}") = "WE 13.02  pg=214", "WE 13.02  pg=214\WE 13.02  pg=214.vbproj", "{2ED4385F-DD3D-4112-A6C1-FFE607BFD8C6}"
EndProject
Global
	GlobalSection(SolutionConfigurationPlatforms) = preSolution
		Debug|Any CPU = Debug|Any CPU
		Release|Any CPU = Release|Any CPU
	EndGlobalSection
	GlobalSection(ProjectConfigurationPlatforms) = postSolution
		{2ED4385F-DD3D-4112-A6C1-FFE607BFD8C6}.Debug|Any CPU.ActiveCfg = Debug|Any CPU
		{2ED4385F-DD3D-4112-A6C1-FFE607BFD8C6}.Debug|Any CPU.Build.0 = Debug|Any CPU
		{2ED4385F-DD3D-4112-A6C1-FFE607BFD8C6}.Release|Any CPU.ActiveCfg = Release|Any CPU
		{2ED4385F-DD3D-4112-A6C1-FFE607BFD8C6}.Release|Any CPU.Build.0 = Release|Any CPU
	EndGlobalSection
	GlobalSection(SolutionProperties) = preSolution
		HideSolutionNode = FALSE
	EndGlobalSection
	GlobalSection(ExtensibilityGlobals) = postSolution
		SolutionGuid = {A84F08CA-CFAE-4A81-8E9D-F86190B7771D}
	EndGlobalSection
EndGlobal
